
Microsoft Visual Studio Solution File, Format Version 12.00
# Visual Studio Version 16
VisualStudioVersion = 16.0.29728.190
MinimumVisualStudioVersion = 10.0.40219.1
Project("{FAE04EC0-301F-11D3-BF4B-00C04F79EFBC}") = "SimpleNeuralNetwork", "SimpleNeuralNetwork\SimpleNeuralNetwork.csproj", "{FC16318A-CEE3-49CA-91BE-2FBBEDB5F0B6}"
EndProject
Project("{FAE04EC0-301F-11D3-BF4B-00C04F79EFBC}") = "NeuralNetworkLibrary", "NeuralNetworkLibrary\NeuralNetworkLibrary.csproj", "{C534E9C7-DE45-48CD-A562-D5F3B20C820A}"
EndProject
Project("{FAE04EC0-301F-11D3-BF4B-00C04F79EFBC}") = "SimpleRocket", "SimpleRocket\SimpleRocket.csproj", "{EF886880-827C-4EBE-8965-B97187B1DCCF}"
EndProject
Project("{FAE04EC0-301F-11D3-BF4B-00C04F79EFBC}") = "Snake", "Snake\Snake.csproj", "{E712F9A5-987B-436A-BC83-30F13AD74F7E}"
EndProject
Project("{2150E333-8FDC-42A3-9474-1A3956D46DE8}") = "Solution Items", "Solution Items", "{00239DE0-70AA-470E-9BE7-A75CDEBF4AA4}"
	ProjectSection(SolutionItems) = preProject
		README.md = README.md
	EndProjectSection
EndProject
Global
	GlobalSection(SolutionConfigurationPlatforms) = preSolution
		Debug|Any CPU = Debug|Any CPU
		Release|Any CPU = Release|Any CPU
	EndGlobalSection
	GlobalSection(ProjectConfigurationPlatforms) = postSolution
		{FC16318A-CEE3-49CA-91BE-2FBBEDB5F0B6}.Debug|Any CPU.ActiveCfg = Debug|Any CPU
		{FC16318A-CEE3-49CA-91BE-2FBBEDB5F0B6}.Debug|Any CPU.Build.0 = Debug|Any CPU
		{FC16318A-CEE3-49CA-91BE-2FBBEDB5F0B6}.Release|Any CPU.ActiveCfg = Release|Any CPU
		{FC16318A-CEE3-49CA-91BE-2FBBEDB5F0B6}.Release|Any CPU.Build.0 = Release|Any CPU
		{C534E9C7-DE45-48CD-A562-D5F3B20C820A}.Debug|Any CPU.ActiveCfg = Debug|Any CPU
		{C534E9C7-DE45-48CD-A562-D5F3B20C820A}.Debug|Any CPU.Build.0 = Debug|Any CPU
		{C534E9C7-DE45-48CD-A562-D5F3B20C820A}.Release|Any CPU.ActiveCfg = Release|Any CPU
		{C534E9C7-DE45-48CD-A562-D5F3B20C820A}.Release|Any CPU.Build.0 = Release|Any CPU
		{EF886880-827C-4EBE-8965-B97187B1DCCF}.Debug|Any CPU.ActiveCfg = Debug|Any CPU
		{EF886880-827C-4EBE-8965-B97187B1DCCF}.Debug|Any CPU.Build.0 = Debug|Any CPU
		{EF886880-827C-4EBE-8965-B97187B1DCCF}.Release|Any CPU.ActiveCfg = Release|Any CPU
		{EF886880-827C-4EBE-8965-B97187B1DCCF}.Release|Any CPU.Build.0 = Release|Any CPU
		{E712F9A5-987B-436A-BC83-30F13AD74F7E}.Debug|Any CPU.ActiveCfg = Debug|Any CPU
		{E712F9A5-987B-436A-BC83-30F13AD74F7E}.Debug|Any CPU.Build.0 = Debug|Any CPU
		{E712F9A5-987B-436A-BC83-30F13AD74F7E}.Release|Any CPU.ActiveCfg = Release|Any CPU
		{E712F9A5-987B-436A-BC83-30F13AD74F7E}.Release|Any CPU.Build.0 = Release|Any CPU
	EndGlobalSection
	GlobalSection(SolutionProperties) = preSolution
		HideSolutionNode = FALSE
	EndGlobalSection
	GlobalSection(ExtensibilityGlobals) = postSolution
		SolutionGuid = {46E25FFC-EE69-48D2-821E-2818581ADF37}
	EndGlobalSection
EndGlobal
